<?xml version="1.0" encoding="utf-8"?>
<Project ToolsVersion="4.0" xmlns="http://schemas.microsoft.com/developer/msbuild/2003">
  <ItemGroup>
    <Filter Include="Source Files">
      <UniqueIdentifier>{4FC737F1-C7A5-4376-A066-2A32D752A2FF}</UniqueIdentifier>
      <Extensions>cpp;c;cc;cxx;c++;cppm;ixx;def;odl;idl;hpj;bat;asm;asmx</Extensions>
    </Filter>
    <Filter Include="Header Files">
      <UniqueIdentifier>{93995380-89BD-4b04-88EB-625FBE52EBFB}</UniqueIdentifier>
      <Extensions>h;hh;hpp;hxx;h++;hm;inl;inc;ipp;xsd</Extensions>
    </Filter>
    <Filter Include="Resource Files">
      <UniqueIdentifier>{67DA6AB6-F800-4c08-8B7A-83BB121AAD01}</UniqueIdentifier>
      <Extensions>rc;ico;cur;bmp;dlg;rc2;rct;bin;rgs;gif;jpg;jpeg;jpe;resx;tiff;tif;png;wav;mfcribbon-ms</Extensions>
    </Filter>
  </ItemGroup>
  <ItemGroup>
    <ClInclude Include="framework.h">
      <Filter>Header Files</Filter>
    </ClInclude>
    <ClInclude Include="CppUtilsDefines.h">
      <Filter>Header Files</Filter>
    </ClInclude>
    <ClInclude Include="Cpp_string.h">
      <Filter>Header Files</Filter>
    </ClInclude>
    <ClInclude Include="Cpp_char.h">
      <Filter>Header Files</Filter>
    </ClInclude>
    <ClInclude Include="Cpp_functors.h">
      <Filter>Header Files</Filter>
    </ClInclude>
    <ClInclude Include="Cpp_exceptions.h">
      <Filter>Header Files</Filter>
    </ClInclude>
    <ClInclude Include="Cpp_toStream.h">
      <Filter>Header Files</Filter>
    </ClInclude>
    <ClInclude Include="Cpp_iostream.h">
      <Filter>Header Files</Filter>
    </ClInclude>
    <ClInclude Include="Cpp_sstream.h">
      <Filter>Header Files</Filter>
    </ClInclude>
    <ClInclude Include="Cpp_pointerException.h">
      <Filter>Header Files</Filter>
    </ClInclude>
    <ClInclude Include="Cpp_macroDefines.h">
      <Filter>Header Files</Filter>
    </ClInclude>
    <ClInclude Include="CppStaticTimer.h">
      <Filter>Header Files</Filter>
    </ClInclude>
    <ClInclude Include="CppSingleton.h">
      <Filter>Header Files</Filter>
    </ClInclude>
    <ClInclude Include="CppSharedPtr.h">
      <Filter>Header Files</Filter>
    </ClInclude>
    <ClInclude Include="Cpp_fstream.h">
      <Filter>Header Files</Filter>
    </ClInclude>
    <ClInclude Include="CppDoCompare.h">
      <Filter>Header Files</Filter>
    </ClInclude>
  </ItemGroup>
  <ItemGroup>
    <ClCompile Include="Cpp_string.cpp">
      <Filter>Source Files</Filter>
    </ClCompile>
    <ClCompile Include="Cpp_exceptions.cpp">
      <Filter>Source Files</Filter>
    </ClCompile>
    <ClCompile Include="Cpp_sstream.cpp">
      <Filter>Source Files</Filter>
    </ClCompile>
    <ClCompile Include="Cpp_pointerException.cpp">
      <Filter>Source Files</Filter>
    </ClCompile>
    <ClCompile Include="CppStaticTimer.cpp">
      <Filter>Source Files</Filter>
    </ClCompile>
    <ClCompile Include="CppSingleton.cpp">
      <Filter>Source Files</Filter>
    </ClCompile>
  </ItemGroup>
</Project>